// !$*UTF8*$!
{
	archiveVersion = 1;
	classes = {
	};
	objectVersion = 46;
	objects = {

/* Begin PBXBuildFile section */
		F62572681DF75984007EFFE1 /* AppDelegate.swift in Sources */ = {isa = PBXBuildFile; fileRef = F62572671DF75984007EFFE1 /* AppDelegate.swift */; };
		F625726A1DF75984007EFFE1 /* ViewController.swift in Sources */ = {isa = PBXBuildFile; fileRef = F62572691DF75984007EFFE1 /* ViewController.swift */; };
		F625726D1DF75984007EFFE1 /* Main.storyboard in Resources */ = {isa = PBXBuildFile; fileRef = F625726B1DF75984007EFFE1 /* Main.storyboard */; };
		F625726F1DF75984007EFFE1 /* Assets.xcassets in Resources */ = {isa = PBXBuildFile; fileRef = F625726E1DF75984007EFFE1 /* Assets.xcassets */; };
		F62572721DF75984007EFFE1 /* LaunchScreen.storyboard in Resources */ = {isa = PBXBuildFile; fileRef = F62572701DF75984007EFFE1 /* LaunchScreen.storyboard */; };
		F625727A1DF759D2007EFFE1 /* Readme.txt in Resources */ = {isa = PBXBuildFile; fileRef = F62572791DF759D2007EFFE1 /* Readme.txt */; };
		F625727C1DF75A61007EFFE1 /* BranchBFile.txt in Resources */ = {isa = PBXBuildFile; fileRef = F625727B1DF75A61007EFFE1 /* BranchBFile.txt */; };
/* End PBXBuildFile section */

/* Begin PBXFileReference section */
		F62572641DF75984007EFFE1 /* GitRepositoryDemo.app */ = {isa = PBXFileReference; explicitFileType = wrapper.application; includeInIndex = 0; path = GitRepositoryDemo.app; sourceTree = BUILT_PRODUCTS_DIR; };
		F62572671DF75984007EFFE1 /* AppDelegate.swift */ = {isa = PBXFileReference; lastKnownFileType = sourcecode.swift; path = AppDelegate.swift; sourceTree = "<group>"; };
		F62572691DF75984007EFFE1 /* ViewController.swift */ = {isa = PBXFileReference; lastKnownFileType = sourcecode.swift; path = ViewController.swift; sourceTree = "<group>"; };
		F625726C1DF75984007EFFE1 /* Base */ = {isa = PBXFileReference; lastKnownFileType = file.storyboard; name = Base; path = Base.lproj/Main.storyboard; sourceTree = "<group>"; };
		F625726E1DF75984007EFFE1 /* Assets.xcassets */ = {isa = PBXFileReference; lastKnownFileType = folder.assetcatalog; path = Assets.xcassets; sourceTree = "<group>"; };
		F62572711DF75984007EFFE1 /* Base */ = {isa = PBXFileReference; lastKnownFileType = file.storyboard; name = Base; path = Base.lproj/LaunchScreen.storyboard; sourceTree = "<group>"; };
		F62572731DF75984007EFFE1 /* Info.plist */ = {isa = PBXFileReference; lastKnownFileType = text.plist.xml; path = Info.plist; sourceTree = "<group>"; };
		F62572791DF759D2007EFFE1 /* Readme.txt */ = {isa = PBXFileReference; fileEncoding = 4; lastKnownFileType = text; path = Readme.txt; sourceTree = "<group>"; };
		F625727B1DF75A61007EFFE1 /* BranchBFile.txt */ = {isa = PBXFileReference; fileEncoding = 4; lastKnownFileType = text; path = BranchBFile.txt; sourceTree = "<group>"; };
/* End PBXFileReference section */

/* Begin PBXFrameworksBuildPhase section */
		F62572611DF75984007EFFE1 /* Frameworks */ = {
			isa = PBXFrameworksBuildPhase;
			buildActionMask = 2147483647;
			files = (
			);
			runOnlyForDeploymentPostprocessing = 0;
		};
/* End PBXFrameworksBuildPhase section */

/* Begin PBXGroup section */
		F625725B1DF75984007EFFE1 = {
			isa = PBXGroup;
			children = (
				F62572791DF759D2007EFFE1 /* Readme.txt */,
				F625727B1DF75A61007EFFE1 /* BranchBFile.txt */,
				F62572661DF75984007EFFE1 /* GitRepositoryDemo */,
				F62572651DF75984007EFFE1 /* Products */,
			);
			sourceTree = "<group>";
		};
		F62572651DF75984007EFFE1 /* Products */ = {
			isa = PBXGroup;
			children = (
				F62572641DF75984007EFFE1 /* GitRepositoryDemo.app */,
			);
			name = Products;
			sourceTree = "<group>";
		};
		F62572661DF75984007EFFE1 /* GitRepositoryDemo */ = {
			isa = PBXGroup;
			children = (
				F62572671DF75984007EFFE1 /* AppDelegate.swift */,
				F62572691DF75984007EFFE1 /* ViewController.swift */,
				F625726B1DF75984007EFFE1 /* Main.storyboard */,
				F625726E1DF75984007EFFE1 /* Assets.xcassets */,
				F62572701DF75984007EFFE1 /* LaunchScreen.storyboard */,
				F62572731DF75984007EFFE1 /* Info.plist */,
			);
			path = GitRepositoryDemo;
			sourceTree = "<group>";
		};
/* End PBXGroup section */

/* Begin PBXNativeTarget section */
		F62572631DF75984007EFFE1 /* GitRepositoryDemo */ = {
			isa = PBXNativeTarget;
			buildConfigurationList = F62572761DF75984007EFFE1 /* Build configuration list for PBXNativeTarget "GitRepositoryDemo" */;
			buildPhases = (
				F62572601DF75984007EFFE1 /* Sources */,
				F62572611DF75984007EFFE1 /* Frameworks */,
				F62572621DF75984007EFFE1 /* Resources */,
			);
			buildRules = (
			);
			dependencies = (
			);
			name = GitRepositoryDemo;
			productName = GitRepositoryDemo;
			productReference = F62572641DF75984007EFFE1 /* GitRepositoryDemo.app */;
			productType = "com.apple.product-type.application";
		};
/* End PBXNativeTarget section */

/* Begin PBXProject section */
		F625725C1DF75984007EFFE1 /* Project object */ = {
			isa = PBXProject;
			attributes = {
				LastSwiftUpdateCheck = 0810;
				LastUpgradeCheck = 0810;
				ORGANIZATIONNAME = "Serene IT";
				TargetAttributes = {
					F62572631DF75984007EFFE1 = {
						CreatedOnToolsVersion = 8.1;
						ProvisioningStyle = Automatic;
					};
				};
			};
			buildConfigurationList = F625725F1DF75984007EFFE1 /* Build configuration list for PBXProject "GitRepositoryDemo" */;
			compatibilityVersion = "Xcode 3.2";
			developmentRegion = English;
			hasScannedForEncodings = 0;
			knownRegions = (
				en,
				Base,
			);
			mainGroup = F625725B1DF75984007EFFE1;
			productRefGroup = F62572651DF75984007EFFE1 /* Products */;
			projectDirPath = "";
			projectRoot = "";
			targets = (
				F62572631DF75984007EFFE1 /* GitRepositoryDemo */,
			);
		};
/* End PBXProject section */

/* Begin PBXResourcesBuildPhase section */
		F62572621DF75984007EFFE1 /* Resources */ = {
			isa = PBXResourcesBuildPhase;
			buildActionMask = 2147483647;
			files = (
				F62572721DF75984007EFFE1 /* LaunchScreen.storyboard in Resources */,
				F625726F1DF75984007EFFE1 /* Assets.xcassets in Resources */,
				F625727A1DF759D2007EFFE1 /* Readme.txt in Resources */,
				F625726D1DF75984007EFFE1 /* Main.storyboard in Resources */,
				F625727C1DF75A61007EFFE1 /* BranchBFile.txt in Resources */,
			);
			runOnlyForDeploymentPostprocessing = 0;
		};
/* End PBXResourcesBuildPhase section */

/* Begin PBXSourcesBuildPhase section */
		F62572601DF75984007EFFE1 /* Sources */ = {
			isa = PBXSourcesBuildPhase;
			buildActionMask = 2147483647;
			files = (
				F625726A1DF75984007EFFE1 /* ViewController.swift in Sources */,
				F62572681DF75984007EFFE1 /* AppDelegate.swift in Sources */,
			);
			runOnlyForDeploymentPostprocessing = 0;
		};
/* End PBXSourcesBuildPhase section */

/* Begin PBXVariantGroup section */
		F625726B1DF75984007EFFE1 /* Main.storyboard */ = {
			isa = PBXVariantGroup;
			children = (
				F625726C1DF75984007EFFE1 /* Base */,
			);
			name = Main.storyboard;
			sourceTree = "<group>";
		};
		F62572701DF75984007EFFE1 /* LaunchScreen.storyboard */ = {
			isa = PBXVariantGroup;
			children = (
				F62572711DF75984007EFFE1 /* Base */,
			);
			name = LaunchScreen.storyboard;
			sourceTree = "<group>";
		};
/* End PBXVariantGroup section */

/* Begin XCBuildConfiguration section */
		F62572741DF75984007EFFE1 /* Debug */ = {
			isa = XCBuildConfiguration;
			buildSettings = {
				ALWAYS_SEARCH_USER_PATHS = NO;
				CLANG_ANALYZER_NONNULL = YES;
				CLANG_CXX_LANGUAGE_STANDARD = "gnu++0x";
				CLANG_CXX_LIBRARY = "libc++";
				CLANG_ENABLE_MODULES = YES;
				CLANG_ENABLE_OBJC_ARC = YES;
				CLANG_WARN_BOOL_CONVERSION = YES;
				CLANG_WARN_CONSTANT_CONVERSION = YES;
				CLANG_WARN_DIRECT_OBJC_ISA_USAGE = YES_ERROR;
				CLANG_WARN_DOCUMENTATION_COMMENTS = YES;
				CLANG_WARN_EMPTY_BODY = YES;
				CLANG_WARN_ENUM_CONVERSION = YES;
				CLANG_WARN_INFINITE_RECURSION = YES;
				CLANG_WARN_INT_CONVERSION = YES;
				CLANG_WARN_OBJC_ROOT_CLASS = YES_ERROR;
				CLANG_WARN_SUSPICIOUS_MOVES = YES;
				CLANG_WARN_UNREACHABLE_CODE = YES;
				CLANG_WARN__DUPLICATE_METHOD_MATCH = YES;
				"CODE_SIGN_IDENTITY[sdk=iphoneos*]" = "iPhone Developer";
				COPY_PHASE_STRIP = NO;
				DEBUG_INFORMATION_FORMAT = dwarf;
				ENABLE_STRICT_OBJC_MSGSEND = YES;
				ENABLE_TESTABILITY = YES;
				GCC_C_LANGUAGE_STANDARD = gnu99;
				GCC_DYNAMIC_NO_PIC = NO;
				GCC_NO_COMMON_BLOCKS = YES;
				GCC_OPTIMIZATION_LEVEL = 0;
				GCC_PREPROCESSOR_DEFINITIONS = (
					"DEBUG=1",
					"$(inherited)",
				);
				GCC_WARN_64_TO_32_BIT_CONVERSION = YES;
				GCC_WARN_ABOUT_RETURN_TYPE = YES_ERROR;
				GCC_WARN_UNDECLARED_SELECTOR = YES;
				GCC_WARN_UNINITIALIZED_AUTOS = YES_AGGRESSIVE;
				GCC_WARN_UNUSED_FUNCTION = YES;
				GCC_WARN_UNUSED_VARIABLE = YES;
				IPHONEOS_DEPLOYMENT_TARGET = 10.1;
				MTL_ENABLE_DEBUG_INFO = YES;
				ONLY_ACTIVE_ARCH = YES;
				SDKROOT = iphoneos;
				SWIFT_ACTIVE_COMPILATION_CONDITIONS = DEBUG;
				SWIFT_OPTIMIZATION_LEVEL = "-Onone";
				TARGETED_DEVICE_FAMILY = "1,2";
			};
			name = Debug;
		};
		F62572751DF75984007EFFE1 /* Release */ = {
			isa = XCBuildConfiguration;
			buildSettings = {
				ALWAYS_SEARCH_USER_PATHS = NO;
				CLANG_ANALYZER_NONNULL = YES;
				CLANG_CXX_LANGUAGE_STANDARD = "gnu++0x";
				CLANG_CXX_LIBRARY = "libc++";
				CLANG_ENABLE_MODULES = YES;
				CLANG_ENABLE_OBJC_ARC = YES;
				CLANG_WARN_BOOL_CONVERSION = YES;
				CLANG_WARN_CONSTANT_CONVERSION = YES;
				CLANG_WARN_DIRECT_OBJC_ISA_USAGE = YES_ERROR;
				CLANG_WARN_DOCUMENTATION_COMMENTS = YES;
				CLANG_WARN_EMPTY_BODY = YES;
				CLANG_WARN_ENUM_CONVERSION = YES;
				CLANG_WARN_INFINITE_RECURSION = YES;
				CLANG_WARN_INT_CONVERSION = YES;
				CLANG_WARN_OBJC_ROOT_CLASS = YES_ERROR;
				CLANG_WARN_SUSPICIOUS_MOVES = YES;
				CLANG_WARN_UNREACHABLE_CODE = YES;
				CLANG_WARN__DUPLICATE_METHOD_MATCH = YES;
				"CODE_SIGN_IDENTITY[sdk=iphoneos*]" = "iPhone Developer";
				COPY_PHASE_STRIP = NO;
				DEBUG_INFORMATION_FORMAT = "dwarf-with-dsym";
				ENABLE_NS_ASSERTIONS = NO;
				ENABLE_STRICT_OBJC_MSGSEND = YES;
				GCC_C_LANGUAGE_STANDARD = gnu99;
				GCC_NO_COMMON_BLOCKS = YES;
				GCC_WARN_64_TO_32_BIT_CONVERSION = YES;
				GCC_WARN_ABOUT_RETURN_TYPE = YES_ERROR;
				GCC_WARN_UNDECLARED_SELECTOR = YES;
				GCC_WARN_UNINITIALIZED_AUTOS = YES_AGGRESSIVE;
				GCC_WARN_UNUSED_FUNCTION = YES;
				GCC_WARN_UNUSED_VARIABLE = YES;
				IPHONEOS_DEPLOYMENT_TARGET = 10.1;
				MTL_ENABLE_DEBUG_INFO = NO;
				SDKROOT = iphoneos;
				SWIFT_OPTIMIZATION_LEVEL = "-Owholemodule";
				TARGETED_DEVICE_FAMILY = "1,2";
				VALIDATE_PRODUCT = YES;
			};
			name = Release;
		};
		F62572771DF75984007EFFE1 /* Debug */ = {
			isa = XCBuildConfiguration;
			buildSettings = {
				ASSETCATALOG_COMPILER_APPICON_NAME = AppIcon;
				INFOPLIST_FILE = GitRepositoryDemo/Info.plist;
				LD_RUNPATH_SEARCH_PATHS = "$(inherited) @executable_path/Frameworks";
				PRODUCT_BUNDLE_IDENTIFIER = com.sereneit.GitRepositoryDemo;
				PRODUCT_NAME = "$(TARGET_NAME)";
				SWIFT_VERSION = 3.0;
			};
			name = Debug;
		};
		F62572781DF75984007EFFE1 /* Release */ = {
			isa = XCBuildConfiguration;
			buildSettings = {
				ASSETCATALOG_COMPILER_APPICON_NAME = AppIcon;
				INFOPLIST_FILE = GitRepositoryDemo/Info.plist;
				LD_RUNPATH_SEARCH_PATHS = "$(inherited) @executable_path/Frameworks";
				PRODUCT_BUNDLE_IDENTIFIER = com.sereneit.GitRepositoryDemo;
				PRODUCT_NAME = "$(TARGET_NAME)";
				SWIFT_VERSION = 3.0;
			};
			name = Release;
		};
/* End XCBuildConfiguration section */

/* Begin XCConfigurationList section */
		F625725F1DF75984007EFFE1 /* Build configuration list for PBXProject "GitRepositoryDemo" */ = {
			isa = XCConfigurationList;
			buildConfigurations = (
				F62572741DF75984007EFFE1 /* Debug */,
				F62572751DF75984007EFFE1 /* Release */,
			);
			defaultConfigurationIsVisible = 0;
			defaultConfigurationName = Release;
		};
		F62572761DF75984007EFFE1 /* Build configuration list for PBXNativeTarget "GitRepositoryDemo" */ = {
			isa = XCConfigurationList;
			buildConfigurations = (
				F62572771DF75984007EFFE1 /* Debug */,
				F62572781DF75984007EFFE1 /* Release */,
			);
			defaultConfigurationIsVisible = 0;
		};
/* End XCConfigurationList section */
	};
	rootObject = F625725C1DF75984007EFFE1 /* Project object */;
}
